PODS:
  - DACircularProgress (2.3.1)
  - MBProgressHUD (1.2.0)
  - MWPhotoBrowser (2.1.2):
    - DACircularProgress
    - MBProgressHUD
    - SDWebImage
  - SDWebImage (5.5.0):
    - SDWebImage/Core (= 5.5.0)
  - SDWebImage/Core (5.5.0)

DEPENDENCIES:
  - MWPhotoBrowser (from `../`)

SPEC REPOS:
  https://github.com/CocoaPods/Specs.git:
    - DACircularProgress
    - MBProgressHUD
    - SDWebImage

EXTERNAL SOURCES:
  MWPhotoBrowser:
    :path: "../"

SPEC CHECKSUMS:
  DACircularProgress: 4dd437c0fc3da5161cb289e07ac449493d41db71
  MBProgressHUD: 3ee5efcc380f6a79a7cc9b363dd669c5e1ae7406
  MWPhotoBrowser: 2c696d91c0784d1930bbfefe6491d62a0c7067b5
  SDWebImage: 86589f0d47a7de15827640c71813e23fd428965c

PODFILE CHECKSUM: f7e35d8fcff5f41beec96995b5f01df475edc332

COCOAPODS: 1.8.4
